
Microsoft Visual Studio Solution File, Format Version 12.00
# Visual Studio Version 16
VisualStudioVersion = 16.0.29519.87
MinimumVisualStudioVersion = 10.0.40219.1
Project("{8BC9CEB8-8B4A-11D0-8D11-00A0C91BC942}") = "TracerBoy", "TracerBoy\TracerBoy.vcxproj", "{32B71B8B-05B2-4031-B851-99105CE7CEBB}"
	ProjectSection(ProjectDependencies) = postProject
		{C0D7AC38-A3A7-4F39-A7AC-FEF25F79C2CF} = {C0D7AC38-A3A7-4F39-A7AC-FEF25F79C2CF}
		{4916F5A1-8D24-4C64-A2C6-59DFE63EA9AB} = {4916F5A1-8D24-4C64-A2C6-59DFE63EA9AB}
		{371B9FA9-4C90-4AC6-A123-ACED756D6C77} = {371B9FA9-4C90-4AC6-A123-ACED756D6C77}
	EndProjectSection
EndProject
Project("{8BC9CEB8-8B4A-11D0-8D11-00A0C91BC942}") = "DirectXTex", "DirectXTex\DirectXTex_Desktop_2019_Win10.vcxproj", "{371B9FA9-4C90-4AC6-A123-ACED756D6C77}"
EndProject
Project("{8BC9CEB8-8B4A-11D0-8D11-00A0C91BC942}") = "PBRTParser", "PBRTParser\PBRTParser.vcxproj", "{C0D7AC38-A3A7-4F39-A7AC-FEF25F79C2CF}"
EndProject
Project("{8BC9CEB8-8B4A-11D0-8D11-00A0C91BC942}") = "Imgui", "imgui\Imgui.vcxproj", "{4916F5A1-8D24-4C64-A2C6-59DFE63EA9AB}"
EndProject
Global
	GlobalSection(SolutionConfigurationPlatforms) = preSolution
		Debug|x64 = Debug|x64
		Debug|x86 = Debug|x86
		Profile|x64 = Profile|x64
		Profile|x86 = Profile|x86
		Release|x64 = Release|x64
		Release|x86 = Release|x86
	EndGlobalSection
	GlobalSection(ProjectConfigurationPlatforms) = postSolution
		{32B71B8B-05B2-4031-B851-99105CE7CEBB}.Debug|x64.ActiveCfg = Debug|x64
		{32B71B8B-05B2-4031-B851-99105CE7CEBB}.Debug|x64.Build.0 = Debug|x64
		{32B71B8B-05B2-4031-B851-99105CE7CEBB}.Debug|x86.ActiveCfg = Debug|Win32
		{32B71B8B-05B2-4031-B851-99105CE7CEBB}.Debug|x86.Build.0 = Debug|Win32
		{32B71B8B-05B2-4031-B851-99105CE7CEBB}.Profile|x64.ActiveCfg = Debug|x64
		{32B71B8B-05B2-4031-B851-99105CE7CEBB}.Profile|x64.Build.0 = Debug|x64
		{32B71B8B-05B2-4031-B851-99105CE7CEBB}.Profile|x86.ActiveCfg = Release|Win32
		{32B71B8B-05B2-4031-B851-99105CE7CEBB}.Profile|x86.Build.0 = Release|Win32
		{32B71B8B-05B2-4031-B851-99105CE7CEBB}.Release|x64.ActiveCfg = Release|x64
		{32B71B8B-05B2-4031-B851-99105CE7CEBB}.Release|x64.Build.0 = Release|x64
		{32B71B8B-05B2-4031-B851-99105CE7CEBB}.Release|x86.ActiveCfg = Release|Win32
		{32B71B8B-05B2-4031-B851-99105CE7CEBB}.Release|x86.Build.0 = Release|Win32
		{371B9FA9-4C90-4AC6-A123-ACED756D6C77}.Debug|x64.ActiveCfg = Debug|x64
		{371B9FA9-4C90-4AC6-A123-ACED756D6C77}.Debug|x64.Build.0 = Debug|x64
		{371B9FA9-4C90-4AC6-A123-ACED756D6C77}.Debug|x86.ActiveCfg = Debug|Win32
		{371B9FA9-4C90-4AC6-A123-ACED756D6C77}.Debug|x86.Build.0 = Debug|Win32
		{371B9FA9-4C90-4AC6-A123-ACED756D6C77}.Profile|x64.ActiveCfg = Profile|x64
		{371B9FA9-4C90-4AC6-A123-ACED756D6C77}.Profile|x64.Build.0 = Profile|x64
		{371B9FA9-4C90-4AC6-A123-ACED756D6C77}.Profile|x86.ActiveCfg = Profile|Win32
		{371B9FA9-4C90-4AC6-A123-ACED756D6C77}.Profile|x86.Build.0 = Profile|Win32
		{371B9FA9-4C90-4AC6-A123-ACED756D6C77}.Release|x64.ActiveCfg = Release|x64
		{371B9FA9-4C90-4AC6-A123-ACED756D6C77}.Release|x64.Build.0 = Release|x64
		{371B9FA9-4C90-4AC6-A123-ACED756D6C77}.Release|x86.ActiveCfg = Release|Win32
		{371B9FA9-4C90-4AC6-A123-ACED756D6C77}.Release|x86.Build.0 = Release|Win32
		{C0D7AC38-A3A7-4F39-A7AC-FEF25F79C2CF}.Debug|x64.ActiveCfg = Debug|x64
		{C0D7AC38-A3A7-4F39-A7AC-FEF25F79C2CF}.Debug|x64.Build.0 = Debug|x64
		{C0D7AC38-A3A7-4F39-A7AC-FEF25F79C2CF}.Debug|x86.ActiveCfg = Debug|Win32
		{C0D7AC38-A3A7-4F39-A7AC-FEF25F79C2CF}.Debug|x86.Build.0 = Debug|Win32
		{C0D7AC38-A3A7-4F39-A7AC-FEF25F79C2CF}.Profile|x64.ActiveCfg = Release|x64
		{C0D7AC38-A3A7-4F39-A7AC-FEF25F79C2CF}.Profile|x64.Build.0 = Release|x64
		{C0D7AC38-A3A7-4F39-A7AC-FEF25F79C2CF}.Profile|x86.ActiveCfg = Release|Win32
		{C0D7AC38-A3A7-4F39-A7AC-FEF25F79C2CF}.Profile|x86.Build.0 = Release|Win32
		{C0D7AC38-A3A7-4F39-A7AC-FEF25F79C2CF}.Release|x64.ActiveCfg = Release|x64
		{C0D7AC38-A3A7-4F39-A7AC-FEF25F79C2CF}.Release|x64.Build.0 = Release|x64
		{C0D7AC38-A3A7-4F39-A7AC-FEF25F79C2CF}.Release|x86.ActiveCfg = Release|Win32
		{C0D7AC38-A3A7-4F39-A7AC-FEF25F79C2CF}.Release|x86.Build.0 = Release|Win32
		{4916F5A1-8D24-4C64-A2C6-59DFE63EA9AB}.Debug|x64.ActiveCfg = Debug|x64
		{4916F5A1-8D24-4C64-A2C6-59DFE63EA9AB}.Debug|x64.Build.0 = Debug|x64
		{4916F5A1-8D24-4C64-A2C6-59DFE63EA9AB}.Debug|x86.ActiveCfg = Debug|Win32
		{4916F5A1-8D24-4C64-A2C6-59DFE63EA9AB}.Debug|x86.Build.0 = Debug|Win32
		{4916F5A1-8D24-4C64-A2C6-59DFE63EA9AB}.Profile|x64.ActiveCfg = Release|x64
		{4916F5A1-8D24-4C64-A2C6-59DFE63EA9AB}.Profile|x64.Build.0 = Release|x64
		{4916F5A1-8D24-4C64-A2C6-59DFE63EA9AB}.Profile|x86.ActiveCfg = Release|Win32
		{4916F5A1-8D24-4C64-A2C6-59DFE63EA9AB}.Profile|x86.Build.0 = Release|Win32
		{4916F5A1-8D24-4C64-A2C6-59DFE63EA9AB}.Release|x64.ActiveCfg = Release|x64
		{4916F5A1-8D24-4C64-A2C6-59DFE63EA9AB}.Release|x64.Build.0 = Release|x64
		{4916F5A1-8D24-4C64-A2C6-59DFE63EA9AB}.Release|x86.ActiveCfg = Release|Win32
		{4916F5A1-8D24-4C64-A2C6-59DFE63EA9AB}.Release|x86.Build.0 = Release|Win32
	EndGlobalSection
	GlobalSection(SolutionProperties) = preSolution
		HideSolutionNode = FALSE
	EndGlobalSection
	GlobalSection(ExtensibilityGlobals) = postSolution
		SolutionGuid = {BBAF2308-99BD-43D5-B7D4-0A688A7F6EF1}
	EndGlobalSection
EndGlobal
