<?xml version="1.0" encoding="utf-8"?>
<Project ToolsVersion="4.0" xmlns="http://schemas.microsoft.com/developer/msbuild/2003">
  <ItemGroup>
    <Filter Include="Source Files">
      <UniqueIdentifier>{4FC737F1-C7A5-4376-A066-2A32D752A2FF}</UniqueIdentifier>
      <Extensions>cpp;c;cc;cxx;def;odl;idl;hpj;bat;asm;asmx</Extensions>
    </Filter>
    <Filter Include="Header Files">
      <UniqueIdentifier>{93995380-89BD-4b04-88EB-625FBE52EBFB}</UniqueIdentifier>
      <Extensions>h;hh;hpp;hxx;hm;inl;inc;ipp;xsd</Extensions>
    </Filter>
    <Filter Include="Resource Files">
      <UniqueIdentifier>{67DA6AB6-F800-4c08-8B7A-83BB121AAD01}</UniqueIdentifier>
      <Extensions>rc;ico;cur;bmp;dlg;rc2;rct;bin;rgs;gif;jpg;jpeg;jpe;resx;tiff;tif;png;wav;mfcribbon-ms</Extensions>
    </Filter>
    <Filter Include="Shaders">
      <UniqueIdentifier>{592fbdbc-e7f2-46a0-b946-fc520e45616c}</UniqueIdentifier>
    </Filter>
  </ItemGroup>
  <ItemGroup>
    <ClCompile Include="D3D12App.cpp">
      <Filter>Source Files</Filter>
    </ClCompile>
    <ClCompile Include="TracerBoy.cpp">
      <Filter>Source Files</Filter>
    </ClCompile>
    <ClCompile Include="UIController.cpp">
      <Filter>Source Files</Filter>
    </ClCompile>
    <ClCompile Include="AssimpImporter.cpp">
      <Filter>Source Files</Filter>
    </ClCompile>
    <ClCompile Include="DenoiserPass.cpp">
      <Filter>Source Files</Filter>
    </ClCompile>
    <ClCompile Include="TemporalAccumulationPass.cpp">
      <Filter>Source Files</Filter>
    </ClCompile>
    <ClCompile Include="FidelityFXSuperResolution.cpp">
      <Filter>Source Files</Filter>
    </ClCompile>
    <ClCompile Include="RazerChromaManager.cpp">
      <Filter>Source Files</Filter>
    </ClCompile>
    <ClCompile Include="Curves.cpp">
      <Filter>Source Files</Filter>
    </ClCompile>
    <ClCompile Include="GenerateMotionVectorsPass.cpp">
      <Filter>Source Files</Filter>
    </ClCompile>
    <ClCompile Include="DeepLearningSuperSamplingPass.cpp">
      <Filter>Source Files</Filter>
    </ClCompile>
    <ClCompile Include="XeSuperSampling.cpp">
      <Filter>Source Files</Filter>
    </ClCompile>
  </ItemGroup>
  <ItemGroup>
    <ClInclude Include="D3D12App.h">
      <Filter>Header Files</Filter>
    </ClInclude>
    <ClInclude Include="pch.h">
      <Filter>Header Files</Filter>
    </ClInclude>
    <ClInclude Include="TracerBoy.h">
      <Filter>Header Files</Filter>
    </ClInclude>
    <ClInclude Include="d3dx12.h">
      <Filter>Header Files</Filter>
    </ClInclude>
    <ClInclude Include="GLSLCompat.h">
      <Filter>Shaders</Filter>
    </ClInclude>
    <ClInclude Include="SharedShaderStructs.h">
      <Filter>Shaders</Filter>
    </ClInclude>
    <ClInclude Include="UIController.h">
      <Filter>Header Files</Filter>
    </ClInclude>
    <ClInclude Include="AssimpImporter.h">
      <Filter>Header Files</Filter>
    </ClInclude>
    <ClInclude Include="DenoiserPass.h">
      <Filter>Header Files</Filter>
    </ClInclude>
    <ClInclude Include="DenoiserSharedShaderStructs.h">
      <Filter>Shaders</Filter>
    </ClInclude>
    <ClInclude Include="Tonemap.h">
      <Filter>Shaders</Filter>
    </ClInclude>
    <ClInclude Include="SharedHitGroup.h">
      <Filter>Shaders</Filter>
    </ClInclude>
    <ClInclude Include="SharedRaytracing.h">
      <Filter>Shaders</Filter>
    </ClInclude>
    <ClInclude Include="SharedPostProcessStructs.h">
      <Filter>Shaders</Filter>
    </ClInclude>
    <ClInclude Include="RayGenCommon.h">
      <Filter>Shaders</Filter>
    </ClInclude>
    <ClInclude Include="VarianceUtil.h">
      <Filter>Shaders</Filter>
    </ClInclude>
    <ClInclude Include="ComputeShaderUtil.h">
      <Filter>Shaders</Filter>
    </ClInclude>
    <ClInclude Include="CompositeAlbedoSharedShaderStructs.h">
      <Filter>Shaders</Filter>
    </ClInclude>
    <ClInclude Include="TemporalAccumulationPass.h">
      <Filter>Header Files</Filter>
    </ClInclude>
    <ClInclude Include="TemporalAccumulationSharedShaderStructs.h">
      <Filter>Shaders</Filter>
    </ClInclude>
    <ClInclude Include="FidelityFXSuperResolution.h">
      <Filter>Header Files</Filter>
    </ClInclude>
    <ClInclude Include="FidelityFXSuperResolutionSharedShaderStructs.h">
      <Filter>Shaders</Filter>
    </ClInclude>
    <ClInclude Include="DeviceWrapper.h">
      <Filter>Header Files</Filter>
    </ClInclude>
    <ClInclude Include="RazerChromaManager.h">
      <Filter>Header Files</Filter>
    </ClInclude>
    <ClInclude Include="Curves.h">
      <Filter>Header Files</Filter>
    </ClInclude>
    <ClInclude Include="GenerateMotionVectorsPass.h">
      <Filter>Header Files</Filter>
    </ClInclude>
    <ClInclude Include="GenerateMotionVectorsSharedShaderStructs.h">
      <Filter>Shaders</Filter>
    </ClInclude>
    <ClInclude Include="DeepLearningSuperSampling.h">
      <Filter>Header Files</Filter>
    </ClInclude>
    <ClInclude Include="XeSuperSampling.h">
      <Filter>Header Files</Filter>
    </ClInclude>
  </ItemGroup>
  <ItemGroup>
    <FxCompile Include="PostProcessCS.hlsl">
      <Filter>Shaders</Filter>
    </FxCompile>
    <FxCompile Include="RayGen.hlsl">
      <Filter>Shaders</Filter>
    </FxCompile>
    <FxCompile Include="Miss.hlsl">
      <Filter>Shaders</Filter>
    </FxCompile>
    <FxCompile Include="ClosestHit.hlsl">
      <Filter>Shaders</Filter>
    </FxCompile>
    <FxCompile Include="DenoiserCS.hlsl">
      <Filter>Shaders</Filter>
    </FxCompile>
    <FxCompile Include="AnyHit.hlsl">
      <Filter>Shaders</Filter>
    </FxCompile>
    <FxCompile Include="RaytraceCS.hlsl">
      <Filter>Shaders</Filter>
    </FxCompile>
    <FxCompile Include="CompositeAlbedoCS.hlsl">
      <Filter>Shaders</Filter>
    </FxCompile>
    <FxCompile Include="TemporalAccumulationCS.hlsl">
      <Filter>Shaders</Filter>
    </FxCompile>
    <FxCompile Include="FidelityFXSuperResolutionCS.hlsl">
      <Filter>Shaders</Filter>
    </FxCompile>
    <FxCompile Include="FidelityFXSharpenCS.hlsl">
      <Filter>Shaders</Filter>
    </FxCompile>
    <FxCompile Include="SoftwareRayTraceCS.hlsl">
      <Filter>Shaders</Filter>
    </FxCompile>
    <FxCompile Include="FullScreenVS.hlsl">
      <Filter>Shaders</Filter>
    </FxCompile>
    <FxCompile Include="GenerateMotionVectorsCS.hlsl">
      <Filter>Shaders</Filter>
    </FxCompile>
  </ItemGroup>
  <ItemGroup>
    <None Include="kernel.glsl">
      <Filter>Shaders</Filter>
    </None>
  </ItemGroup>
</Project>