<?xml version="1.0" encoding="utf-8"?>
<Project ToolsVersion="4.0" xmlns="http://schemas.microsoft.com/developer/msbuild/2003">
  <ItemGroup>
    <Filter Include="Source Files">
      <UniqueIdentifier>{4FC737F1-C7A5-4376-A066-2A32D752A2FF}</UniqueIdentifier>
      <Extensions>cpp;c;cc;cxx;def;odl;idl;hpj;bat;asm;asmx</Extensions>
    </Filter>
    <Filter Include="Header Files">
      <UniqueIdentifier>{93995380-89BD-4b04-88EB-625FBE52EBFB}</UniqueIdentifier>
      <Extensions>h;hh;hpp;hxx;hm;inl;inc;ipp;xsd</Extensions>
    </Filter>
    <Filter Include="Resource Files">
      <UniqueIdentifier>{67DA6AB6-F800-4c08-8B7A-83BB121AAD01}</UniqueIdentifier>
      <Extensions>rc;ico;cur;bmp;dlg;rc2;rct;bin;rgs;gif;jpg;jpeg;jpe;resx;tiff;tif;png;wav;mfcribbon-ms</Extensions>
    </Filter>
    <Filter Include="Source Files\Syntactic">
      <UniqueIdentifier>{077d19a8-9c1a-4f29-bc8a-6d8d775bd17c}</UniqueIdentifier>
    </Filter>
    <Filter Include="Source Files\Semantic">
      <UniqueIdentifier>{cac385f4-53a1-46a9-a3e4-7a9449d8f179}</UniqueIdentifier>
    </Filter>
  </ItemGroup>
  <ItemGroup>
    <ClInclude Include="include\pbrtParser\Scene.h">
      <Filter>Header Files</Filter>
    </ClInclude>
    <ClInclude Include="include\pbrtParser\math.h">
      <Filter>Header Files</Filter>
    </ClInclude>
    <ClInclude Include="impl\3rdParty\happly.h">
      <Filter>Source Files</Filter>
    </ClInclude>
    <ClInclude Include="impl\semantic\SemanticParser.h">
      <Filter>Source Files\Semantic</Filter>
    </ClInclude>
    <ClInclude Include="impl\syntactic\Parser.h">
      <Filter>Source Files\Syntactic</Filter>
    </ClInclude>
    <ClInclude Include="impl\syntactic\Scene.h">
      <Filter>Source Files\Syntactic</Filter>
    </ClInclude>
    <ClInclude Include="impl\syntactic\Lexer.h">
      <Filter>Source Files\Syntactic</Filter>
    </ClInclude>
  </ItemGroup>
  <ItemGroup>
    <ClCompile Include="impl\semantic\BinaryFileFormat.cpp">
      <Filter>Source Files\Semantic</Filter>
    </ClCompile>
    <ClCompile Include="impl\semantic\Camera.cpp">
      <Filter>Source Files\Semantic</Filter>
    </ClCompile>
    <ClCompile Include="impl\semantic\Geometry.cpp">
      <Filter>Source Files\Semantic</Filter>
    </ClCompile>
    <ClCompile Include="impl\semantic\importPBRT.cpp">
      <Filter>Source Files\Semantic</Filter>
    </ClCompile>
    <ClCompile Include="impl\semantic\Lights.cpp">
      <Filter>Source Files\Semantic</Filter>
    </ClCompile>
    <ClCompile Include="impl\semantic\Materials.cpp">
      <Filter>Source Files\Semantic</Filter>
    </ClCompile>
    <ClCompile Include="impl\semantic\Scene.cpp">
      <Filter>Source Files\Semantic</Filter>
    </ClCompile>
    <ClCompile Include="impl\semantic\Textures.cpp">
      <Filter>Source Files\Semantic</Filter>
    </ClCompile>
    <ClCompile Include="impl\syntactic\Parser.cpp">
      <Filter>Source Files\Syntactic</Filter>
    </ClCompile>
    <ClCompile Include="impl\syntactic\Scene2.cpp">
      <Filter>Source Files\Syntactic</Filter>
    </ClCompile>
    <ClCompile Include="impl\syntactic\Lexer.cpp">
      <Filter>Source Files\Syntactic</Filter>
    </ClCompile>
  </ItemGroup>
</Project>